# This file is automatically @generated by Poetry 2.4.1 and should not be changed by hand.

[[package]]
name = "aiokafka"
version = "0.9.0"
description = "Kafka integration with asyncio"
optional = true
python-versions = ">=3.8"
groups = ["main"]
markers = "extra == \"kafka\""
files = [
    {file = "aiokafka-0.9.0-cp310-cp310-macosx_10_9_x86_64.whl", hash = "sha256:cc9ccae749f15a0a316d6dca7c1a259524854c1d111d0a981ec9a39416afbe4f"},
    {file = "aiokafka-0.9.0-cp310-cp310-manylinux_2_17_aarch64.manylinux2014_aarch64.whl", hash = "sha256:6a2a24faee32e7170ef07691d5af75bdd572e513dea162ee398c80ed1c4bcf5f"},
    {file = "aiokafka-0.9.0-cp310-cp310-manylinux_2_17_x86_64.manylinux2014_x86_64.whl", hash = "sha256:f617e107bf070a9644c2eaba0388fdf1022d4c7a4f7bc387243de7c87afcece7"},
    {file = "aiokafka-0.9.0-cp310-cp310-manylinux_2_5_i686.manylinux1_i686.manylinux_2_17_i686.manylinux2014_i686.whl", hash = "sha256:85b53b41e3ca536e303352deba65be8f9932d8908f87bb8a59e1a96e32d5892a"},
    {file = "aiokafka-0.9.0-cp310-cp310-win32.whl", hash = "sha256:f11e00ecc72fad86c51c594d0c9d336a99b478a127887823b7816cc00c7c9799"},
    {file = "aiokafka-0.9.0-cp310-cp310-win_amd64.whl", hash = "sha256:e67187a7a399ed110bb70a0fb5a74d5351589dfb7dab9fe88901b81794186990"},
    {file = "aiokafka-0.9.0-cp311-cp311-macosx_10_9_x86_64.whl", hash = "sha256:6e63c80bb5753382fcc5137f62307f837678d00847b5386d0f3803270843d52e"},
    {file = "aiokafka-0.9.0-cp311-cp311-manylinux_2_17_aarch64.manylinux2014_aarch64.whl", hash = "sha256:b0b45b3f4b9448a3e2256615d1a93e1e2cae186a810b9bb928d224ae5ea04472"},
    {file = "aiokafka-0.9.0-cp311-cp311-manylinux_2_17_x86_64.manylinux2014_x86_64.whl", hash = "sha256:332828c7b12ac19133d4af60e3a86a7b6e09b28d6157e50545faa4ae32a2617b"},
    {file = "aiokafka-0.9.0-cp311-cp311-manylinux_2_5_i686.manylinux1_i686.manylinux_2_17_i686.manylinux2014_i686.whl", hash = "sha256:c3cb09e16846d77094ed2940ef9a64f3956fae85aab9fd6f5e7d5c77b610d9ae"},
    {file = "aiokafka-0.9.0-cp311-cp311-win32.whl", hash = "sha256:4feaf851fc68ebd90438e28509471cf10dc068b700cc446a21fd8c696eedc370"},
    {file = "aiokafka-0.9.0-cp311-cp311-win_amd64.whl", hash = "sha256:035383408b411c3c180b5dd8e5794ef0bdca50921b330f022ebe33cf977c1e9b"},
    {file = "aiokafka-0.9.0-cp312-cp312-macosx_10_9_x86_64.whl", hash = "sha256:93918bc9a33019e13932df8cc461fee488b6efbb58093d4876890bf9bf8785f0"},
    {file = "aiokafka-0.9.0-cp312-cp312-manylinux_2_17_aarch64.manylinux2014_aarch64.whl", hash = "sha256:e69a12956e3ff1a1d21c8e576bee042176551683310ddca27f25fead028ca46f"},
    {file = "aiokafka-0.9.0-cp312-cp312-manylinux_2_17_x86_64.manylinux2014_x86_64.whl", hash = "sha256:6d8b9bc181bd8d65f9529d7eaf60cf0ba6982bc33a2a0bccb2833d2b41b8dd65"},
    {file = "aiokafka-0.9.0-cp312-cp312-manylinux_2_5_i686.manylinux1_i686.manylinux_2_17_i686.manylinux2014_i686.whl", hash = "sha256:a021c3ef27d8c045a15f8ec14bdeffa10a8959b491601304cc25c8081cf00af3"},
    {file = "aiokafka-0.9.0-cp312-cp312-win32.whl", hash = "sha256:0fff7cd498f31ff69e450b272d76b20776bef17bf17beae43a465c3f07983a5c"},
    {file = "aiokafka-0.9.0-cp312-cp312-win_amd64.whl", hash = "sha256:91e3ec7b22b09ed51c0bcad72b1b599dae2455f83912881fed24c3abe4198c3e"},
    {file = "aiokafka-0.9.0-cp38-cp38-macosx_10_9_x86_64.whl", hash = "sha256:47b701d077e1a3b2b6f254baa947b0b8faf47c68514bc19297227917d0e227f7"},
    {file = "aiokafka-0.9.0-cp38-cp38-manylinux_2_17_aarch64.manylinux2014_aarch64.whl", hash = "sha256:f24c4a9eee7f0a201943aa41b7f922ae5821a5be2b38b8264fc171d9e09e64e1"},
    {file = "aiokafka-0.9.0-cp38-cp38-manylinux_2_17_x86_64.manylinux2014_x86_64.whl", hash = "sha256:766d965262225f79474558f528b01abb83cfb73832ab50de823b326e5929282f"},
    {file = "aiokafka-0.9.0-cp38-cp38-manylinux_2_5_i686.manylinux1_i686.manylinux_2_17_i686.manylinux2014_i686.whl", hash = "sha256:cd00d685b68d93ef50051f51196b508b767746d66cabbd3fa0a8cbfb3ad5d0a4"},
    {file = "aiokafka-0.9.0-cp38-cp38-win32.whl", hash = "sha256:2f1e2feded35e748976c9cf83b5148d9f00a749f6494da872f9a5b48601152d0"},
    {file = "aiokafka-0.9.0-cp38-cp38-win_amd64.whl", hash = "sha256:1131ae81f1026a64836d85f53b8c5081f771b85c4d00a9855a69245af71e1691"},
    {file = "aiokafka-0.9.0-cp39-cp39-macosx_10_9_x86_64.whl", hash = "sha256:07d6e8f0e3a4ef555fbc81ba7bca63dfbd5620dd12255242eb12e6a45c47c9ca"},
    {file = "aiokafka-0.9.0-cp39-cp39-manylinux_2_17_aarch64.manylinux2014_aarch64.whl", hash = "sha256:32dfdb19a60b1c85582ae12f8466136ff68479ed5c9b874240e034f468384895"},
    {file = "aiokafka-0.9.0-cp39-cp39-manylinux_2_17_x86_64.manylinux2014_x86_64.whl", hash = "sha256:209458fffff5560bc59ea6032e678a1bf018c7fb3dbdd622c0af5b81e3e2b902"},
    {file = "aiokafka-0.9.0-cp39-cp39-manylinux_2_5_i686.manylinux1_i686.manylinux_2_17_i686.manylinux2014_i686.whl", hash = "sha256:320f2b504b0e16ac67e0d17d48bd08fa9ee3c3e1bafebe61b404aa16142a2129"},
    {file = "aiokafka-0.9.0-cp39-cp39-win32.whl", hash = "sha256:3b0c76944e09702d0cb9a26777aec3fd7ec94d18144531a34b7ec8a980a55747"},
    {file = "aiokafka-0.9.0-cp39-cp39-win_amd64.whl", hash = "sha256:0db60cc9abd4399b25f49c79318a680d446297aebf5e51b25b351124b437d122"},
    {file = "aiokafka-0.9.0.tar.gz", hash = "sha256:11f6bd9b7772a8f5f04b2ce379759800e108475c3df4f11c491ada7587b85166"},
]

[package.dependencies]
async-timeout = "*"
packaging = "*"

[[package]]
name = "async-timeout"
version = "5.0.1"
description = "Timeout context manager for asyncio programs"
optional = true
python-versions = ">=3.8"
groups = ["main"]
markers = "extra == \"kafka\""
files = [
    {file = "async_timeout-5.0.1-py3-none-any.whl", hash = "sha256:39e3809566ff85354557ec2398b55e096c8364bacac9405a7a1fa429e77fe76c"},
    {file = "async_timeout-5.0.1.tar.gz", hash = "sha256:d9321a7a3d5a6a5e187e824d2fa0793ce379a202935782d555d6e9d2735677d3"},
]

[[package]]
name = "packaging"
version = "26.3"
description = "Core utilities for Python packages"
optional = true
python-versions = ">=3.9"
groups = ["main"]
markers = "extra == \"kafka\""
files = [
    {file = "packaging-26.3-py3-none-any.whl", hash = "sha256:d7193f7c8e4e93f444fde0262bf90af30e16fa0ad0ad44cb553c87339b23cd1c"},
    {file = "packaging-26.3.tar.gz", hash = "sha256:94edc256424af38762eb31306eed28beb9f0efc50a8837492c9d6fd6004aed79"},
]

[extras]
kafka = ["aiokafka"]

[metadata]
lock-version = "2.1"
python-versions = "^3.13"
content-hash = "b989554b145f723ef2cfa9d62a649f8defec009faf9908b196e49974699f2968"
